
Microsoft Visual Studio Solution File, Format Version 12.00
# Visual Studio Version 17
VisualStudioVersion = 17.9.34728.123
MinimumVisualStudioVersion = 10.0.40219.1
Project("{FAE04EC0-301F-11D3-BF4B-00C04F79EFBC}") = "LAB_TEST_15_04_2024", "LAB_TEST_15_04_2024\LAB_TEST_15_04_2024.csproj", "{5A2EC1FF-5CD4-425C-B5AE-A2F558800EF3}"
EndProject
Project("{FAE04EC0-301F-11D3-BF4B-00C04F79EFBC}") = "UnitTestProject1", "UnitTestProject1\UnitTestProject1.csproj", "{03930AC5-D6AB-45E6-A522-F60BFDB3B17F}"
EndProject
Global
	GlobalSection(SolutionConfigurationPlatforms) = preSolution
		Debug|Any CPU = Debug|Any CPU
		Release|Any CPU = Release|Any CPU
	EndGlobalSection
	GlobalSection(ProjectConfigurationPlatforms) = postSolution
		{5A2EC1FF-5CD4-425C-B5AE-A2F558800EF3}.Debug|Any CPU.ActiveCfg = Debug|Any CPU
		{5A2EC1FF-5CD4-425C-B5AE-A2F558800EF3}.Debug|Any CPU.Build.0 = Debug|Any CPU
		{5A2EC1FF-5CD4-425C-B5AE-A2F558800EF3}.Release|Any CPU.ActiveCfg = Release|Any CPU
		{5A2EC1FF-5CD4-425C-B5AE-A2F558800EF3}.Release|Any CPU.Build.0 = Release|Any CPU
		{03930AC5-D6AB-45E6-A522-F60BFDB3B17F}.Debug|Any CPU.ActiveCfg = Debug|Any CPU
		{03930AC5-D6AB-45E6-A522-F60BFDB3B17F}.Debug|Any CPU.Build.0 = Debug|Any CPU
		{03930AC5-D6AB-45E6-A522-F60BFDB3B17F}.Release|Any CPU.ActiveCfg = Release|Any CPU
		{03930AC5-D6AB-45E6-A522-F60BFDB3B17F}.Release|Any CPU.Build.0 = Release|Any CPU
	EndGlobalSection
	GlobalSection(SolutionProperties) = preSolution
		HideSolutionNode = FALSE
	EndGlobalSection
	GlobalSection(ExtensibilityGlobals) = postSolution
		SolutionGuid = {C79ACDC7-949F-4FBF-A62F-B8D62F58AFB0}
	EndGlobalSection
EndGlobal
